
Microsoft Visual Studio Solution File, Format Version 12.00
# Visual Studio Version 16
VisualStudioVersion = 16.0.31205.134
MinimumVisualStudioVersion = 10.0.40219.1
Project("{FAE04EC0-301F-11D3-BF4B-00C04F79EFBC}") = "Zadachi", "Zadachi\Zadachi.csproj", "{9E7CB92B-E690-4A13-9099-2C9480E32B51}"
EndProject
Global
	GlobalSection(SolutionConfigurationPlatforms) = preSolution
		Debug|Any CPU = Debug|Any CPU
		Release|Any CPU = Release|Any CPU
	EndGlobalSection
	GlobalSection(ProjectConfigurationPlatforms) = postSolution
		{9E7CB92B-E690-4A13-9099-2C9480E32B51}.Debug|Any CPU.ActiveCfg = Debug|Any CPU
		{9E7CB92B-E690-4A13-9099-2C9480E32B51}.Debug|Any CPU.Build.0 = Debug|Any CPU
		{9E7CB92B-E690-4A13-9099-2C9480E32B51}.Release|Any CPU.ActiveCfg = Release|Any CPU
		{9E7CB92B-E690-4A13-9099-2C9480E32B51}.Release|Any CPU.Build.0 = Release|Any CPU
	EndGlobalSection
	GlobalSection(SolutionProperties) = preSolution
		HideSolutionNode = FALSE
	EndGlobalSection
	GlobalSection(ExtensibilityGlobals) = postSolution
		SolutionGuid = {A6179D77-EE51-47E0-9506-2796045AC432}
	EndGlobalSection
EndGlobal
